
Microsoft Visual Studio Solution File, Format Version 12.00
# Visual Studio Version 17
VisualStudioVersion = 17.3.32929.385
MinimumVisualStudioVersion = 10.0.40219.1
Project("{9A19103F-16F7-4668-BE54-9A1E7A4F7556}") = "CVGeneratorV1", "CVGeneratorV1\CVGeneratorV1.csproj", "{2280CFE3-833B-4717-8024-7B3C7C964621}"
EndProject
Project("{9A19103F-16F7-4668-BE54-9A1E7A4F7556}") = "DAL", "DAL\DAL.csproj", "{071F3943-9A85-433A-BCFE-E5CA8EE9DCC4}"
EndProject
Project("{9A19103F-16F7-4668-BE54-9A1E7A4F7556}") = "BLL", "BLL\BLL.csproj", "{D4839158-D0F2-4604-ADEB-B50F84A77E8B}"
EndProject
Project("{2150E333-8FDC-42A3-9474-1A3956D46DE8}") = "01. DAL", "01. DAL", "{1544F347-1942-4801-B7DC-A484EC457664}"
EndProject
Project("{2150E333-8FDC-42A3-9474-1A3956D46DE8}") = "02. BLL", "02. BLL", "{E67DAFAB-E9A3-4364-93B6-F0095D091419}"
EndProject
Project("{2150E333-8FDC-42A3-9474-1A3956D46DE8}") = "03. ENDPOINTS", "03. ENDPOINTS", "{26E72243-98E0-4DAC-8B76-BE13557CCC0A}"
EndProject
Project("{2150E333-8FDC-42A3-9474-1A3956D46DE8}") = "00. UTIL", "00. UTIL", "{0E3C65BC-0926-4F22-A68A-99CF1D184645}"
EndProject
Project("{9A19103F-16F7-4668-BE54-9A1E7A4F7556}") = "Util", "Util\Util.csproj", "{19099056-7B39-41FB-A361-E7446829BD02}"
EndProject
Project("{2150E333-8FDC-42A3-9474-1A3956D46DE8}") = "04. TESTING", "04. TESTING", "{F8CF48D7-ABB8-4D5C-BAE0-D61CD0394F80}"
EndProject
Project("{9A19103F-16F7-4668-BE54-9A1E7A4F7556}") = "Testing", "Testing\Testing.csproj", "{D1D03A54-B5C2-4B5B-AD89-46E711F56728}"
EndProject
Global
	GlobalSection(SolutionConfigurationPlatforms) = preSolution
		Debug|Any CPU = Debug|Any CPU
		Release|Any CPU = Release|Any CPU
	EndGlobalSection
	GlobalSection(ProjectConfigurationPlatforms) = postSolution
		{2280CFE3-833B-4717-8024-7B3C7C964621}.Debug|Any CPU.ActiveCfg = Debug|Any CPU
		{2280CFE3-833B-4717-8024-7B3C7C964621}.Debug|Any CPU.Build.0 = Debug|Any CPU
		{2280CFE3-833B-4717-8024-7B3C7C964621}.Release|Any CPU.ActiveCfg = Release|Any CPU
		{2280CFE3-833B-4717-8024-7B3C7C964621}.Release|Any CPU.Build.0 = Release|Any CPU
		{071F3943-9A85-433A-BCFE-E5CA8EE9DCC4}.Debug|Any CPU.ActiveCfg = Debug|Any CPU
		{071F3943-9A85-433A-BCFE-E5CA8EE9DCC4}.Debug|Any CPU.Build.0 = Debug|Any CPU
		{071F3943-9A85-433A-BCFE-E5CA8EE9DCC4}.Release|Any CPU.ActiveCfg = Release|Any CPU
		{071F3943-9A85-433A-BCFE-E5CA8EE9DCC4}.Release|Any CPU.Build.0 = Release|Any CPU
		{D4839158-D0F2-4604-ADEB-B50F84A77E8B}.Debug|Any CPU.ActiveCfg = Debug|Any CPU
		{D4839158-D0F2-4604-ADEB-B50F84A77E8B}.Debug|Any CPU.Build.0 = Debug|Any CPU
		{D4839158-D0F2-4604-ADEB-B50F84A77E8B}.Release|Any CPU.ActiveCfg = Release|Any CPU
		{D4839158-D0F2-4604-ADEB-B50F84A77E8B}.Release|Any CPU.Build.0 = Release|Any CPU
		{19099056-7B39-41FB-A361-E7446829BD02}.Debug|Any CPU.ActiveCfg = Debug|Any CPU
		{19099056-7B39-41FB-A361-E7446829BD02}.Debug|Any CPU.Build.0 = Debug|Any CPU
		{19099056-7B39-41FB-A361-E7446829BD02}.Release|Any CPU.ActiveCfg = Release|Any CPU
		{19099056-7B39-41FB-A361-E7446829BD02}.Release|Any CPU.Build.0 = Release|Any CPU
		{D1D03A54-B5C2-4B5B-AD89-46E711F56728}.Debug|Any CPU.ActiveCfg = Debug|Any CPU
		{D1D03A54-B5C2-4B5B-AD89-46E711F56728}.Debug|Any CPU.Build.0 = Debug|Any CPU
		{D1D03A54-B5C2-4B5B-AD89-46E711F56728}.Release|Any CPU.ActiveCfg = Release|Any CPU
		{D1D03A54-B5C2-4B5B-AD89-46E711F56728}.Release|Any CPU.Build.0 = Release|Any CPU
	EndGlobalSection
	GlobalSection(SolutionProperties) = preSolution
		HideSolutionNode = FALSE
	EndGlobalSection
	GlobalSection(NestedProjects) = preSolution
		{2280CFE3-833B-4717-8024-7B3C7C964621} = {26E72243-98E0-4DAC-8B76-BE13557CCC0A}
		{071F3943-9A85-433A-BCFE-E5CA8EE9DCC4} = {1544F347-1942-4801-B7DC-A484EC457664}
		{D4839158-D0F2-4604-ADEB-B50F84A77E8B} = {E67DAFAB-E9A3-4364-93B6-F0095D091419}
		{19099056-7B39-41FB-A361-E7446829BD02} = {0E3C65BC-0926-4F22-A68A-99CF1D184645}
		{D1D03A54-B5C2-4B5B-AD89-46E711F56728} = {F8CF48D7-ABB8-4D5C-BAE0-D61CD0394F80}
	EndGlobalSection
	GlobalSection(ExtensibilityGlobals) = postSolution
		SolutionGuid = {793F3D9F-DCE9-43D1-935D-8FFC397468B9}
	EndGlobalSection
EndGlobal
